Microsoft Visual Studio Solution File, Format Version 12.00
# Visual Studio Version 17
Project("{FAE04EC0-301F-11D3-BF4B-00C04F79EFBC}") = "WindowsAudioSwitcher", "src\WindowsAudioSwitcher\WindowsAudioSwitcher.csproj", "{8E0B6F8C-9B8E-4F2A-8C7E-1F6C7A1A2B3C}"
EndProject
Project("{2150E333-8FDC-42A3-9474-1A3956D46DE8}") = "tests", "tests", "{497FBAD0-A7C3-40F4-B188-6E8497ABC261}"
EndProject
Project("{FAE04EC0-301F-11D3-BF4B-00C04F79EFBC}") = "WindowsAudioSwitcher.Tests", "tests\WindowsAudioSwitcher.Tests\WindowsAudioSwitcher.Tests.csproj", "{157E1339-1B6C-4238-BB6A-1C1FDA0E3B24}"
EndProject
Global
	GlobalSection(SolutionConfigurationPlatforms) = preSolution
		Debug|Any CPU = Debug|Any CPU
		Release|Any CPU = Release|Any CPU
	EndGlobalSection
	GlobalSection(ProjectConfigurationPlatforms) = postSolution
		{8E0B6F8C-9B8E-4F2A-8C7E-1F6C7A1A2B3C}.Debug|Any CPU.ActiveCfg = Debug|Any CPU
		{8E0B6F8C-9B8E-4F2A-8C7E-1F6C7A1A2B3C}.Debug|Any CPU.Build.0 = Debug|Any CPU
		{8E0B6F8C-9B8E-4F2A-8C7E-1F6C7A1A2B3C}.Release|Any CPU.ActiveCfg = Release|Any CPU
		{8E0B6F8C-9B8E-4F2A-8C7E-1F6C7A1A2B3C}.Release|Any CPU.Build.0 = Release|Any CPU
		{157E1339-1B6C-4238-BB6A-1C1FDA0E3B24}.Debug|Any CPU.ActiveCfg = Debug|Any CPU
		{157E1339-1B6C-4238-BB6A-1C1FDA0E3B24}.Debug|Any CPU.Build.0 = Debug|Any CPU
		{157E1339-1B6C-4238-BB6A-1C1FDA0E3B24}.Release|Any CPU.ActiveCfg = Release|Any CPU
		{157E1339-1B6C-4238-BB6A-1C1FDA0E3B24}.Release|Any CPU.Build.0 = Release|Any CPU
	EndGlobalSection
	GlobalSection(SolutionProperties) = preSolution
		HideSolutionNode = FALSE
	EndGlobalSection
	GlobalSection(NestedProjects) = preSolution
		{157E1339-1B6C-4238-BB6A-1C1FDA0E3B24} = {497FBAD0-A7C3-40F4-B188-6E8497ABC261}
	EndGlobalSection
EndGlobal
